
Microsoft Visual Studio Solution File, Format Version 12.00
# Visual Studio 15
VisualStudioVersion = 15.0.27703.2026
MinimumVisualStudioVersion = 10.0.40219.1
Project("{FAE04EC0-301F-11D3-BF4B-00C04F79EFBC}") = "Institute", "Institute.csproj", "{C2435667-1214-4230-B104-79670EE5AED5}"
EndProject
Global
	GlobalSection(SolutionConfigurationPlatforms) = preSolution
		Debug|Any CPU = Debug|Any CPU
		Release|Any CPU = Release|Any CPU
	EndGlobalSection
	GlobalSection(ProjectConfigurationPlatforms) = postSolution
		{C2435667-1214-4230-B104-79670EE5AED5}.Debug|Any CPU.ActiveCfg = Debug|Any CPU
		{C2435667-1214-4230-B104-79670EE5AED5}.Debug|Any CPU.Build.0 = Debug|Any CPU
		{C2435667-1214-4230-B104-79670EE5AED5}.Release|Any CPU.ActiveCfg = Release|Any CPU
		{C2435667-1214-4230-B104-79670EE5AED5}.Release|Any CPU.Build.0 = Release|Any CPU
	EndGlobalSection
	GlobalSection(SolutionProperties) = preSolution
		HideSolutionNode = FALSE
	EndGlobalSection
	GlobalSection(ExtensibilityGlobals) = postSolution
		SolutionGuid = {51DEB528-B854-4390-8E89-B3F0740EB3CE}
	EndGlobalSection
EndGlobal
